dependencies:
  clone: 2.1.2
  debug: 4.1.1
  diff-match-patch: 1.0.4
  is-buffer: 2.0.4
  js-sizeof: 0.0.1
  lodash: 4.17.15
  ms: 2.1.2
  tinycache: 1.1.2
  uuid: 3.3.3
lockfileVersion: 5.1
packages:
  /clone/2.1.2:
    dev: false
    engines:
      node: '>=0.8'
    resolution:
      integrity: sha1-G39Ln1kfHo+DZwQBYANFoCiHQ18=
  /debug/4.1.1:
    dependencies:
      ms: 2.1.2
    dev: false
    resolution:
      integrity: sha512-pYAIzeRo8J6KPEaJ0VWOh5Pzkbw/RetuzehGM7QRRX5he4fPHx2rdKMB256ehJCkX+XRQm16eZLqLNS8RSZXZw==
  /diff-match-patch/1.0.4:
    dev: false
    resolution:
      integrity: sha512-Uv3SW8bmH9nAtHKaKSanOQmj2DnlH65fUpcrMdfdaOxUG02QQ4YGZ8AE7kKOMisF7UqvOlGKVYWRvezdncW9lg==
  /is-buffer/2.0.4:
    dev: false
    engines:
      node: '>=4'
    resolution:
      integrity: sha512-Kq1rokWXOPXWuaMAqZiJW4XxsmD9zGx9q4aePabbn3qCRGedtH7Cm+zV8WETitMfu1wdh+Rvd6w5egwSngUX2A==
  /js-sizeof/0.0.1:
    dev: false
    resolution:
      integrity: sha1-vzW7k7WavgLk9E3YI52/RH6mIzQ=
  /lodash/4.17.15:
    dev: false
    resolution:
      integrity: sha512-8xOcRHvCjnocdS5cpwXQXVzmmh5e5+saE2QGoeQmbKmRS6J3VQppPOIt0MnmE+4xlZoumy0GPG0D0MVIQbNA1A==
  /ms/2.1.2:
    dev: false
    resolution:
      integrity: sha512-sGkPx+VjMtmA6MX27oA4FBFELFCZZ4S4XqeGOXCv68tT+jb3vk/RyaKWP0PTKyWtmLSM0b+adUTEvbs1PEaH2w==
  /tinycache/1.1.2:
    dependencies:
      js-sizeof: 0.0.1
    dev: false
    resolution:
      integrity: sha512-dCtHE5Fm8rWFp11hktEiJOtiYLyJ7PuCMPmBSweht0/TrJNUbmz5oFfqfpEMMRjM39DUJZCix/c+Gl/3p/cVOA==
  /uuid/3.3.3:
    dev: false
    hasBin: true
    resolution:
      integrity: sha512-pW0No1RGHgzlpHJO1nsVrHKpOEIxkGg1xB+v0ZmdNH5OAeAwzAVrCnI2/6Mtx+Uys6iaylxa+D3g4j63IKKjSQ==
specifiers:
  clone: ^2.1.2
  debug: ^4.1.1
  diff-match-patch: ^1.0.4
  is-buffer: ^2.0.4
  js-sizeof: ^0.0.1
  lodash: ^4.17.15
  ms: ^2.1.2
  tinycache: ^1.1.2
  uuid: ^3.3.3
