dependencies:
  filter-console: 0.1.1
  three-way-merge: 0.1.0
devDependencies:
  eslint-plugin-prettier: 3.1.2
lockfileVersion: 5.1
packages:
  /eslint-plugin-prettier/3.1.2:
    dependencies:
      prettier-linter-helpers: 1.0.0
    dev: true
    engines:
      node: '>=6.0.0'
    peerDependencies:
      eslint: '>= 5.0.0'
      prettier: '>= 1.13.0'
    resolution:
      integrity: sha512-GlolCC9y3XZfv3RQfwGew7NnuFDKsfI4lbvRK+PIIo23SFH+LemGs4cKwzAaRa+Mdb+lQO/STaIayno8T5sJJA==
  /fast-diff/1.2.0:
    dev: true
    resolution:
      integrity: sha512-xJuoT5+L99XlZ8twedaRf6Ax2TgQVxvgZOYoPKqZufmJib0tL2tegPBOZb1pVNgIhlqDlA0eO0c3wBvQcmzx4w==
  /filter-console/0.1.1:
    dev: false
    engines:
      node: '>=8'
    resolution:
      integrity: sha512-zrXoV1Uaz52DqPs+qEwNJWJFAWZpYJ47UNmpN9q4j+/EYsz85uV0DC9k8tRND5kYmoVzL0W+Y75q4Rg8sRJCdg==
  /prettier-linter-helpers/1.0.0:
    dependencies:
      fast-diff: 1.2.0
    dev: true
    engines:
      node: '>=6.0.0'
    resolution:
      integrity: sha512-GbK2cP9nraSSUF9N2XwUwqfzlAFlMNYYl+ShE/V+H8a9uNl/oUqB1w2EL54Jh0OlyRSd8RfWYJ3coVS4TROP2w==
  /three-way-merge/0.1.0:
    dependencies:
      ts-std: 0.6.2
    dev: false
    resolution:
      integrity: sha512-FzQCDf2No6a1bYop4B4WWAlI9FcnV9+WCXRENaae1fZMRobxj92JDA/W1pc6eV7QQoDyUdoud2tCyZYolP6DYg==
  /ts-std/0.6.2:
    dev: false
    resolution:
      integrity: sha512-mhlyyOBvF7r+Xh8Ut4Fa3qe3BxjQMTWxHLb7NBSkOmxOe1V5Oc5+PpUl/y7tpBOL2sJZwLL1r5T8hqmc0SAFTw==
specifiers:
  eslint-plugin-prettier: ^3.1.0
  filter-console: ^0.1.1
  three-way-merge: ^0.1.0
