dependencies:
  dotenv: 8.2.0
  update-check: 1.5.3
lockfileVersion: 5.1
packages:
  /deep-extend/0.6.0:
    dev: false
    engines:
      node: '>=4.0.0'
    resolution:
      integrity: sha512-LOHxIOaPYdHlJRtCQfDIVZtfw/ufM8+rVj649RIHzcm/vGwQRXFt6OPqIFWsm2XEMrNIEtWR64sY1LEKD2vAOA==
  /dotenv/8.2.0:
    dev: false
    engines:
      node: '>=8'
    resolution:
      integrity: sha512-8sJ78ElpbDJBHNeBzUbUVLsqKdccaa/BXF1uPTw3GrvQTBgrQrtObr2mUrE38vzYd8cEv+m/JBfDLioYcfXoaw==
  /ini/1.3.5:
    dev: false
    resolution:
      integrity: sha512-RZY5huIKCMRWDUqZlEi72f/lmXKMvuszcMBduliQ3nnWbx9X/ZBQO7DijMEYS9EhHBb2qacRUMtC7svLwe0lcw==
  /minimist/1.2.0:
    dev: false
    resolution:
      integrity: sha1-o1AIsg9BOD7sH7kU9M1d95omQoQ=
  /rc/1.2.8:
    dependencies:
      deep-extend: 0.6.0
      ini: 1.3.5
      minimist: 1.2.0
      strip-json-comments: 2.0.1
    dev: false
    hasBin: true
    resolution:
      integrity: sha512-y3bGgqKj3QBdxLbLkomlohkvsA8gdAiUQlSBJnBhfn+BPxg4bc62d8TcBW15wavDfgexCgccckhcZvywyQYPOw==
  /registry-auth-token/3.3.2:
    dependencies:
      rc: 1.2.8
      safe-buffer: 5.2.0
    dev: false
    resolution:
      integrity: sha512-JL39c60XlzCVgNrO+qq68FoNb56w/m7JYvGR2jT5iR1xBrUA3Mfx5Twk5rqTThPmQKMWydGmq8oFtDlxfrmxnQ==
  /registry-url/3.1.0:
    dependencies:
      rc: 1.2.8
    dev: false
    engines:
      node: '>=0.10.0'
    resolution:
      integrity: sha1-PU74cPc93h138M+aOBQyRE4XSUI=
  /safe-buffer/5.2.0:
    dev: false
    resolution:
      integrity: sha512-fZEwUGbVl7kouZs1jCdMLdt95hdIv0ZeHg6L7qPeciMZhZ+/gdesW4wgTARkrFWEpspjEATAzUGPG8N2jJiwbg==
  /strip-json-comments/2.0.1:
    dev: false
    engines:
      node: '>=0.10.0'
    resolution:
      integrity: sha1-PFMZQukIwml8DsNEhYwobHygpgo=
  /update-check/1.5.3:
    dependencies:
      registry-auth-token: 3.3.2
      registry-url: 3.1.0
    dev: false
    resolution:
      integrity: sha512-6KLU4/dd0Tg/l0xwL+f9V7kEIPSL1vOIbnNnhSLiRDlj4AVG6Ks9Zoc9Jgt9kIgWFPZ/wp2AHgmG7xNf15TJOA==
specifiers:
  dotenv: ^8.2.0
  update-check: ^1.5.3
